{
  "nodes": {
    "alejandra": {
      "inputs": {
        "fenix": "fenix",
        "flakeCompat": "flakeCompat",
        "nixpkgs": [
          "nixpkgs"
        ]
      },
      "locked": {
        "lastModified": 1660592437,
        "narHash": "sha256-xFumnivtVwu5fFBOrTxrv6fv3geHKF04RGP23EsDVaI=",
        "owner": "kamadorueda",
        "repo": "alejandra",
        "rev": "e7eac49074b70814b542fee987af2987dd0520b5",
        "type": "github"
      },
      "original": {
        "owner": "kamadorueda",
        "ref": "3.0.0",
        "repo": "alejandra",
        "type": "github"
      }
    },
    "fenix": {
      "inputs": {
        "nixpkgs": [
          "alejandra",
          "nixpkgs"
        ],
        "rust-analyzer-src": "rust-analyzer-src"
      },
      "locked": {
        "lastModified": 1657607339,
        "narHash": "sha256-HaqoAwlbVVZH2n4P3jN2FFPMpVuhxDy1poNOR7kzODc=",
        "owner": "nix-community",
        "repo": "fenix",
        "rev": "b814c83d9e6aa5a28d0cf356ecfdafb2505ad37d",
        "type": "github"
      },
      "original": {
        "owner": "nix-community",
        "repo": "fenix",
        "type": "github"
      }
    },
    "flake-compat": {
      "flake": false,
      "locked": {
        "lastModified": 1696426674,
        "narHash": "sha256-kvjfFW7WAETZlt09AgDn1MrtKzP7t90Vf7vypd3OL1U=",
        "owner": "edolstra",
        "repo": "flake-compat",
        "rev": "0f9255e01c2351cc7d116c072cb317785dd33b33",
        "type": "github"
      },
      "original": {
        "owner": "edolstra",
        "repo": "flake-compat",
        "type": "github"
      }
    },
    "flake-utils": {
      "inputs": {
        "systems": "systems"
      },
      "locked": {
        "lastModified": 1726560853,
        "narHash": "sha256-X6rJYSESBVr3hBoH0WbKE5KvhPU5bloyZ2L4K60/fPQ=",
        "owner": "numtide",
        "repo": "flake-utils",
        "rev": "c1dfcf08411b08f6b8615f7d8971a2bfa81d5e8a",
        "type": "github"
      },
      "original": {
        "owner": "numtide",
        "repo": "flake-utils",
        "type": "github"
      }
    },
    "flakeCompat": {
      "flake": false,
      "locked": {
        "lastModified": 1650374568,
        "narHash": "sha256-Z+s0J8/r907g149rllvwhb4pKi8Wam5ij0st8PwAh+E=",
        "owner": "edolstra",
        "repo": "flake-compat",
        "rev": "b4a34015c698c7793d592d66adbab377907a2be8",
        "type": "github"
      },
      "original": {
        "owner": "edolstra",
        "repo": "flake-compat",
        "type": "github"
      }
    },
    "home-manager": {
      "inputs": {
        "nixpkgs": [
          "nixpkgs"
        ]
      },
      "locked": {
        "lastModified": 1726989464,
        "narHash": "sha256-Vl+WVTJwutXkimwGprnEtXc/s/s8sMuXzqXaspIGlwM=",
        "owner": "nix-community",
        "repo": "home-manager",
        "rev": "2f23fa308a7c067e52dfcc30a0758f47043ec176",
        "type": "github"
      },
      "original": {
        "owner": "nix-community",
        "ref": "release-24.05",
        "repo": "home-manager",
        "type": "github"
      }
    },
    "nix-index-database": {
      "inputs": {
        "nixpkgs": [
          "nixpkgs"
        ]
      },
      "locked": {
        "lastModified": 1727658919,
        "narHash": "sha256-YAePt2GldkkRJ08LvZNHcuS6shIVStj+K+1DZN3gbnM=",
        "owner": "Mic92",
        "repo": "nix-index-database",
        "rev": "f9fdf8285690a351e8998f1e703ebdf9cdf51dee",
        "type": "github"
      },
      "original": {
        "owner": "Mic92",
        "repo": "nix-index-database",
        "type": "github"
      }
    },
    "nixos-wsl": {
      "inputs": {
        "flake-compat": "flake-compat",
        "flake-utils": "flake-utils",
        "nixpkgs": [
          "nixpkgs"
        ]
      },
      "locked": {
        "lastModified": 1727693804,
        "narHash": "sha256-Qwd+BzauhSXdtiL172wkp8JYJhe2BXyXkyWqPexytME=",
        "owner": "nix-community",
        "repo": "NixOS-WSL",
        "rev": "acb21a72156c5b6e1aa607b9adcbac592bd60862",
        "type": "github"
      },
      "original": {
        "owner": "nix-community",
        "repo": "NixOS-WSL",
        "type": "github"
      }
    },
    "nixpkgs": {
      "locked": {
        "lastModified": 1727907660,
        "narHash": "sha256-QftbyPoieM5M50WKUMzQmWtBWib/ZJbHo7mhj5riQec=",
        "owner": "nixos",
        "repo": "nixpkgs",
        "rev": "5966581aa04be7eff830b9e1457d56dc70a0b798",
        "type": "github"
      },
      "original": {
        "owner": "nixos",
        "ref": "nixos-24.05",
        "repo": "nixpkgs",
        "type": "github"
      }
    },
    "nixpkgs-unstable": {
      "locked": {
        "lastModified": 1727802920,
        "narHash": "sha256-HP89HZOT0ReIbI7IJZJQoJgxvB2Tn28V6XS3MNKnfLs=",
        "owner": "nixos",
        "repo": "nixpkgs",
        "rev": "27e30d177e57d912d614c88c622dcfdb2e6e6515",
        "type": "github"
      },
      "original": {
        "owner": "nixos",
        "ref": "nixos-unstable",
        "repo": "nixpkgs",
        "type": "github"
      }
    },
    "nur": {
      "locked": {
        "lastModified": 1728047131,
        "narHash": "sha256-sVzshz1ZH2yT+ztWOS6EHlH68j6w+G7OekAdspDuja8=",
        "owner": "nix-community",
        "repo": "NUR",
        "rev": "13a2fd6d97340d25c38d54f74d555dacf275bce4",
        "type": "github"
      },
      "original": {
        "owner": "nix-community",
        "repo": "NUR",
        "type": "github"
      }
    },
    "root": {
      "inputs": {
        "alejandra": "alejandra",
        "home-manager": "home-manager",
        "nix-index-database": "nix-index-database",
        "nixos-wsl": "nixos-wsl",
        "nixpkgs": "nixpkgs",
        "nixpkgs-unstable": "nixpkgs-unstable",
        "nur": "nur"
      }
    },
    "rust-analyzer-src": {
      "flake": false,
      "locked": {
        "lastModified": 1657557289,
        "narHash": "sha256-PRW+nUwuqNTRAEa83SfX+7g+g8nQ+2MMbasQ9nt6+UM=",
        "owner": "rust-lang",
        "repo": "rust-analyzer",
        "rev": "caf23f29144b371035b864a1017dbc32573ad56d",
        "type": "github"
      },
      "original": {
        "owner": "rust-lang",
        "ref": "nightly",
        "repo": "rust-analyzer",
        "type": "github"
      }
    },
    "systems": {
      "locked": {
        "lastModified": 1681028828,
        "narHash": "sha256-Vy1rq5AaRuLzOxct8nz4T6wlgyUR7zLU309k9mBC768=",
        "owner": "nix-systems",
        "repo": "default",
        "rev": "da67096a3b9bf56a91d16901293e51ba5b49a27e",
        "type": "github"
      },
      "original": {
        "owner": "nix-systems",
        "repo": "default",
        "type": "github"
      }
    }
  },
  "root": "root",
  "version": 7
}
